
Microsoft Visual Studio Solution File, Format Version 12.00
# Visual Studio Version 17
VisualStudioVersion = 17.14.36301.6 d17.14
MinimumVisualStudioVersion = 10.0.40219.1
Project("{FAE04EC0-301F-11D3-BF4B-00C04F79EFBC}") = "HelloGraphFunction", "HelloGraphFunction.csproj", "{D3B7CE95-7155-CFE5-7B9D-DECE8B0286FB}"
EndProject
Global
	GlobalSection(SolutionConfigurationPlatforms) = preSolution
		Debug|Any CPU = Debug|Any CPU
		Release|Any CPU = Release|Any CPU
	EndGlobalSection
	GlobalSection(ProjectConfigurationPlatforms) = postSolution
		{D3B7CE95-7155-CFE5-7B9D-DECE8B0286FB}.Debug|Any CPU.ActiveCfg = Debug|Any CPU
		{D3B7CE95-7155-CFE5-7B9D-DECE8B0286FB}.Debug|Any CPU.Build.0 = Debug|Any CPU
		{D3B7CE95-7155-CFE5-7B9D-DECE8B0286FB}.Release|Any CPU.ActiveCfg = Release|Any CPU
		{D3B7CE95-7155-CFE5-7B9D-DECE8B0286FB}.Release|Any CPU.Build.0 = Release|Any CPU
	EndGlobalSection
	GlobalSection(SolutionProperties) = preSolution
		HideSolutionNode = FALSE
	EndGlobalSection
	GlobalSection(ExtensibilityGlobals) = postSolution
		SolutionGuid = {650E66BB-926D-47CE-AAB1-2C86295CF092}
	EndGlobalSection
EndGlobal
